{
  "name": "mms-language",
  "version": "0.0.1",
  "lockfileVersion": 2,
  "requires": true,
  "packages": {
    "": {
      "name": "mms-language",
      "version": "0.0.1",
      "dependencies": {
        "vscode-languageclient": "^8.1.0"
      },
      "engines": {
        "vscode": "^1.60.0"
      }
    },
    "node_modules/vscode-jsonrpc": {
      "version": "8.1.0",
      "resolved": "https://registry.npmjs.org/vscode-jsonrpc/-/vscode-jsonrpc-8.1.0.tgz",
      "integrity": "sha512-6TDy/abTQk+zDGYazgJF+v8ebJ/U9j6KJKfJ2tGKZ8Sg4H0yiT+8D0O+jUHs0AoG7R0QnS1ykfN7DPpvqHbYKw==",
      "engines": {
        "node": ">=14.0.0"
      }
    },
    "node_modules/vscode-languageclient": {
      "version": "8.1.0",
      "resolved": "https://registry.npmjs.org/vscode-languageclient/-/vscode-languageclient-8.1.0.tgz",
      "integrity": "sha512-GL4QdbYUF/XxQlAsvYWZRV3V34kOkpRlvV60/72EbF6nHJ/lI1OtRVMXGu9CSrOLF5yVaU8xaGkGkbWwUb7m8w==",
      "dependencies": {
        "minimatch": "^5.1.0",
        "vscode-languageserver-protocol": "3.17.3"
      },
      "engines": {
        "vscode": "^1.67.0"
      }
    },
    "node_modules/vscode-languageserver-protocol": {
      "version": "3.17.3",
      "resolved": "https://registry.npmjs.org/vscode-languageserver-protocol/-/vscode-languageserver-protocol-3.17.3.tgz",
      "integrity": "sha512-924/h0AqsMtA5yK22GgMtCYiMdCOtWTSGj6ld0yUPK2UUwG64M53t6yV0F5xcfwoCjLxJjZkoVrYn1a++c7rYA==",
      "dependencies": {
        "vscode-jsonrpc": "8.1.0",
        "vscode-languageserver-types": "3.17.3"
      }
    },
    "node_modules/vscode-languageserver-types": {
      "version": "3.17.3",
      "resolved": "https://registry.npmjs.org/vscode-languageserver-types/-/vscode-languageserver-types-3.17.3.tgz",
      "integrity": "sha512-SYU4z6iiKnYmGMgfyn2TA3BQoPtkCiT0H0LsEQSzPmzYZrE9845sFJWYzLNUbzUaivnNtZhlZqOjwGpPA+YGkw=="
    }
  },
  "dependencies": {
    "vscode-jsonrpc": {
      "version": "8.1.0",
      "resolved": "https://registry.npmjs.org/vscode-jsonrpc/-/vscode-jsonrpc-8.1.0.tgz",
      "integrity": "sha512-6TDy/abTQk+zDGYazgJF+v8ebJ/U9j6KJKfJ2tGKZ8Sg4H0yiT+8D0O+jUHs0AoG7R0QnS1ykfN7DPpvqHbYKw=="
    },
    "vscode-languageclient": {
      "version": "8.1.0",
      "resolved": "https://registry.npmjs.org/vscode-languageclient/-/vscode-languageclient-8.1.0.tgz",
      "integrity": "sha512-GL4QdbYUF/XxQlAsvYWZRV3V34kOkpRlvV60/72EbF6nHJ/lI1OtRVMXGu9CSrOLF5yVaU8xaGkGkbWwUb7m8w==",
      "requires": {
        "minimatch": "^5.1.0",
        "vscode-languageserver-protocol": "3.17.3"
      }
    },
    "vscode-languageserver-protocol": {
      "version": "3.17.3",
      "resolved": "https://registry.npmjs.org/vscode-languageserver-protocol/-/vscode-languageserver-protocol-3.17.3.tgz",
      "integrity": "sha512-924/h0AqsMtA5yK22GgMtCYiMdCOtWTSGj6ld0yUPK2UUwG64M53t6yV0F5xcfwoCjLxJjZkoVrYn1a++c7rYA==",
      "requires": {
        "vscode-jsonrpc": "8.1.0",
        "vscode-languageserver-types": "3.17.3"
      }
    },
    "vscode-languageserver-types": {
      "version": "3.17.3",
      "resolved": "https://registry.npmjs.org/vscode-languageserver-types/-/vscode-languageserver-types-3.17.3.tgz",
      "integrity": "sha512-SYU4z6iiKnYmGMgfyn2TA3BQoPtkCiT0H0LsEQSzPmzYZrE9845sFJWYzLNUbzUaivnNtZhlZqOjwGpPA+YGkw=="
    }
  }
}
